
Microsoft Visual Studio Solution File, Format Version 12.00
# Visual Studio Version 17
VisualStudioVersion = 17.13.35825.156 d17.13
MinimumVisualStudioVersion = 10.0.40219.1
Project("{FAE04EC0-301F-11D3-BF4B-00C04F79EFBC}") = "ClubeDoLivroConsoleApp", "ClubeDoLivroConsoleApp\ClubeDoLivroConsoleApp.csproj", "{DCBC0343-3D59-46B3-B7BD-CDEC0C0E92D4}"
EndProject
Global
	GlobalSection(SolutionConfigurationPlatforms) = preSolution
		Debug|Any CPU = Debug|Any CPU
		Release|Any CPU = Release|Any CPU
	EndGlobalSection
	GlobalSection(ProjectConfigurationPlatforms) = postSolution
		{DCBC0343-3D59-46B3-B7BD-CDEC0C0E92D4}.Debug|Any CPU.ActiveCfg = Debug|Any CPU
		{DCBC0343-3D59-46B3-B7BD-CDEC0C0E92D4}.Debug|Any CPU.Build.0 = Debug|Any CPU
		{DCBC0343-3D59-46B3-B7BD-CDEC0C0E92D4}.Release|Any CPU.ActiveCfg = Release|Any CPU
		{DCBC0343-3D59-46B3-B7BD-CDEC0C0E92D4}.Release|Any CPU.Build.0 = Release|Any CPU
	EndGlobalSection
	GlobalSection(SolutionProperties) = preSolution
		HideSolutionNode = FALSE
	EndGlobalSection
	GlobalSection(ExtensibilityGlobals) = postSolution
		SolutionGuid = {6D8C4606-3994-4037-AA91-CA855059B219}
	EndGlobalSection
EndGlobal
